{
  "nodes": {
    "nixpkgs": {
      "locked": {
        "lastModified": 1636333654,
        "narHash": "sha256-3wh9PtCzcaJQuZrgZ+ygKfhltkDNNqT6zOzGsRbjZEo=",
        "owner": "nixos",
        "repo": "nixpkgs",
        "rev": "e74894146a42ba552ebafa19ab2d1df7ccbc1738",
        "type": "github"
      },
      "original": {
        "owner": "nixos",
        "ref": "nixos-21.05",
        "repo": "nixpkgs",
        "type": "github"
      }
    },
    "nixpkgs-unstable": {
      "locked": {
        "lastModified": 1636267212,
        "narHash": "sha256-KDS173KqmqrYUPY9N4vf750GxIo+S6E0djyq2BsQm8s=",
        "owner": "NixOS",
        "repo": "nixpkgs",
        "rev": "c935f5e0add2cf0ae650d072c8357533e21b0c35",
        "type": "github"
      },
      "original": {
        "owner": "NixOS",
        "ref": "nixos-unstable",
        "repo": "nixpkgs",
        "type": "github"
      }
    },
    "root": {
      "inputs": {
        "nixpkgs": "nixpkgs",
        "nixpkgs-unstable": "nixpkgs-unstable"
      }
    }
  },
  "root": "root",
  "version": 7
}
